
Microsoft Visual Studio Solution File, Format Version 12.00
# Visual Studio 14
VisualStudioVersion = 14.0.25420.1
MinimumVisualStudioVersion = 10.0.40219.1
Project("{F184B08F-C81C-45F6-A57F-5ABD9991F28F}") = "Arbitext", "Arbitext\Arbitext.vbproj", "{9D20118E-3169-4B7D-AED9-804A8FE1E1DC}"
EndProject
Project("{F184B08F-C81C-45F6-A57F-5ABD9991F28F}") = "ArbitextConsole", "ArbitextConsole\ArbitextConsole.vbproj", "{C926F09C-9FB2-4214-BDF7-38BCF1DAF622}"
EndProject
Project("{F184B08F-C81C-45F6-A57F-5ABD9991F28F}") = "ArbitextClassLibrary", "ArbitextClassLibrary\ArbitextClassLibrary.vbproj", "{57039FE5-DF55-437A-B116-936F7562329B}"
EndProject
Global
	GlobalSection(SolutionConfigurationPlatforms) = preSolution
		Debug|Any CPU = Debug|Any CPU
		Release|Any CPU = Release|Any CPU
	EndGlobalSection
	GlobalSection(ProjectConfigurationPlatforms) = postSolution
		{9D20118E-3169-4B7D-AED9-804A8FE1E1DC}.Debug|Any CPU.ActiveCfg = Debug|Any CPU
		{9D20118E-3169-4B7D-AED9-804A8FE1E1DC}.Debug|Any CPU.Build.0 = Debug|Any CPU
		{9D20118E-3169-4B7D-AED9-804A8FE1E1DC}.Release|Any CPU.ActiveCfg = Release|Any CPU
		{9D20118E-3169-4B7D-AED9-804A8FE1E1DC}.Release|Any CPU.Build.0 = Release|Any CPU
		{C926F09C-9FB2-4214-BDF7-38BCF1DAF622}.Debug|Any CPU.ActiveCfg = Debug|Any CPU
		{C926F09C-9FB2-4214-BDF7-38BCF1DAF622}.Debug|Any CPU.Build.0 = Debug|Any CPU
		{C926F09C-9FB2-4214-BDF7-38BCF1DAF622}.Release|Any CPU.ActiveCfg = Release|Any CPU
		{C926F09C-9FB2-4214-BDF7-38BCF1DAF622}.Release|Any CPU.Build.0 = Release|Any CPU
		{57039FE5-DF55-437A-B116-936F7562329B}.Debug|Any CPU.ActiveCfg = Debug|Any CPU
		{57039FE5-DF55-437A-B116-936F7562329B}.Debug|Any CPU.Build.0 = Debug|Any CPU
		{57039FE5-DF55-437A-B116-936F7562329B}.Release|Any CPU.ActiveCfg = Release|Any CPU
		{57039FE5-DF55-437A-B116-936F7562329B}.Release|Any CPU.Build.0 = Release|Any CPU
	EndGlobalSection
	GlobalSection(SolutionProperties) = preSolution
		HideSolutionNode = FALSE
	EndGlobalSection
EndGlobal
